
Microsoft Visual Studio Solution File, Format Version 12.00
# Visual Studio 15
VisualStudioVersion = 15.0.27130.2027
MinimumVisualStudioVersion = 10.0.40219.1
Project("{9A19103F-16F7-4668-BE54-9A1E7A4F7556}") = "Checkbook.Api", "Checkbook.Api\Checkbook.Api.csproj", "{72445CEF-17AD-4E1B-B428-91B986F2F3B6}"
EndProject
Project("{9A19103F-16F7-4668-BE54-9A1E7A4F7556}") = "Checkbook.Web", "Checkbook.Web\Checkbook.Web.csproj", "{DD901AC0-518C-4A03-AD76-BA3E3B2F9C8F}"
EndProject
Global
	GlobalSection(SolutionConfigurationPlatforms) = preSolution
		Debug|Any CPU = Debug|Any CPU
		Release|Any CPU = Release|Any CPU
	EndGlobalSection
	GlobalSection(ProjectConfigurationPlatforms) = postSolution
		{72445CEF-17AD-4E1B-B428-91B986F2F3B6}.Debug|Any CPU.ActiveCfg = Debug|Any CPU
		{72445CEF-17AD-4E1B-B428-91B986F2F3B6}.Debug|Any CPU.Build.0 = Debug|Any CPU
		{72445CEF-17AD-4E1B-B428-91B986F2F3B6}.Release|Any CPU.ActiveCfg = Release|Any CPU
		{72445CEF-17AD-4E1B-B428-91B986F2F3B6}.Release|Any CPU.Build.0 = Release|Any CPU
		{DD901AC0-518C-4A03-AD76-BA3E3B2F9C8F}.Debug|Any CPU.ActiveCfg = Debug|Any CPU
		{DD901AC0-518C-4A03-AD76-BA3E3B2F9C8F}.Debug|Any CPU.Build.0 = Debug|Any CPU
		{DD901AC0-518C-4A03-AD76-BA3E3B2F9C8F}.Release|Any CPU.ActiveCfg = Release|Any CPU
		{DD901AC0-518C-4A03-AD76-BA3E3B2F9C8F}.Release|Any CPU.Build.0 = Release|Any CPU
	EndGlobalSection
	GlobalSection(SolutionProperties) = preSolution
		HideSolutionNode = FALSE
	EndGlobalSection
	GlobalSection(ExtensibilityGlobals) = postSolution
		SolutionGuid = {694431DF-A5F3-432E-A782-70AF05233A0D}
	EndGlobalSection
EndGlobal
